<?xml version="1.0" encoding="utf-8"?>
<Project ToolsVersion="4.0" xmlns="http://schemas.microsoft.com/developer/msbuild/2003">
  <ItemGroup>
    <Filter Include="Source Files">
      <UniqueIdentifier>{4FC737F1-C7A5-4376-A066-2A32D752A2FF}</UniqueIdentifier>
      <Extensions>cpp;c;cc;cxx;c++;def;odl;idl;hpj;bat;asm;asmx</Extensions>
    </Filter>
    <Filter Include="Header Files">
      <UniqueIdentifier>{93995380-89BD-4b04-88EB-625FBE52EBFB}</UniqueIdentifier>
      <Extensions>h;hh;hpp;hxx;h++;hm;inl;inc;ipp;xsd</Extensions>
    </Filter>
    <Filter Include="Resource Files">
      <UniqueIdentifier>{67DA6AB6-F800-4c08-8B7A-83BB121AAD01}</UniqueIdentifier>
      <Extensions>rc;ico;cur;bmp;dlg;rc2;rct;bin;rgs;gif;jpg;jpeg;jpe;resx;tiff;tif;png;wav;mfcribbon-ms</Extensions>
    </Filter>
  </ItemGroup>
  <ItemGroup>
    <ClInclude Include="Festival.h">
      <Filter>Header Files</Filter>
    </ClInclude>
    <ClInclude Include="Artist.h">
      <Filter>Header Files</Filter>
    </ClInclude>
    <ClInclude Include="Movie.h">
      <Filter>Header Files</Filter>
    </ClInclude>
    <ClInclude Include="Admin.h">
      <Filter>Header Files</Filter>
    </ClInclude>
    <ClInclude Include="ArtistTest.h">
      <Filter>Header Files</Filter>
    </ClInclude>
    <ClInclude Include="MovieTest.h">
      <Filter>Header Files</Filter>
    </ClInclude>
    <ClInclude Include="AdminTest.h">
      <Filter>Header Files</Filter>
    </ClInclude>
    <ClInclude Include="RepoFile.h">
      <Filter>Header Files</Filter>
    </ClInclude>
    <ClInclude Include="RepoFileTXT.h">
      <Filter>Header Files</Filter>
    </ClInclude>
    <ClInclude Include="RepoFileCSV.h">
      <Filter>Header Files</Filter>
    </ClInclude>
    <ClInclude Include="RepoTest.h">
      <Filter>Header Files</Filter>
    </ClInclude>
    <ClInclude Include="Service.h">
      <Filter>Header Files</Filter>
    </ClInclude>
    <ClInclude Include="ServiceTest.h">
      <Filter>Header Files</Filter>
    </ClInclude>
    <ClInclude Include="AdminFile.h">
      <Filter>Header Files</Filter>
    </ClInclude>
    <ClInclude Include="Console.h">
      <Filter>Header Files</Filter>
    </ClInclude>
    <ClInclude Include="AdminFileTest.h">
      <Filter>Header Files</Filter>
    </ClInclude>
    <ClInclude Include="Util.h">
      <Filter>Header Files</Filter>
    </ClInclude>
    <ClInclude Include="EmptyVectorException.h">
      <Filter>Header Files</Filter>
    </ClInclude>
    <ClInclude Include="IndexOutOfBoundsException.h">
      <Filter>Header Files</Filter>
    </ClInclude>
    <ClInclude Include="FullVectorException.h">
      <Filter>Header Files</Filter>
    </ClInclude>
    <ClInclude Include="ValidationException.h">
      <Filter>Header Files</Filter>
    </ClInclude>
    <ClInclude Include="ValidatorFestival.h">
      <Filter>Header Files</Filter>
    </ClInclude>
    <ClInclude Include="ValidatorArtist.h">
      <Filter>Header Files</Filter>
    </ClInclude>
    <ClInclude Include="ValidatorMovie.h">
      <Filter>Header Files</Filter>
    </ClInclude>
  </ItemGroup>
  <ItemGroup>
    <ClCompile Include="Festival.cpp">
      <Filter>Source Files</Filter>
    </ClCompile>
    <ClCompile Include="Artist.cpp">
      <Filter>Source Files</Filter>
    </ClCompile>
    <ClCompile Include="Movie.cpp">
      <Filter>Source Files</Filter>
    </ClCompile>
    <ClCompile Include="Admin.cpp">
      <Filter>Source Files</Filter>
    </ClCompile>
    <ClCompile Include="MovieTest.cpp">
      <Filter>Source Files</Filter>
    </ClCompile>
    <ClCompile Include="ArtistTest.cpp">
      <Filter>Source Files</Filter>
    </ClCompile>
    <ClCompile Include="AdminTest.cpp">
      <Filter>Source Files</Filter>
    </ClCompile>
    <ClCompile Include="RepoTest.cpp">
      <Filter>Source Files</Filter>
    </ClCompile>
    <ClCompile Include="Service.cpp">
      <Filter>Source Files</Filter>
    </ClCompile>
    <ClCompile Include="ServiceTest.cpp">
      <Filter>Source Files</Filter>
    </ClCompile>
    <ClCompile Include="AdminFile.cpp">
      <Filter>Source Files</Filter>
    </ClCompile>
    <ClCompile Include="Console.cpp">
      <Filter>Source Files</Filter>
    </ClCompile>
    <ClCompile Include="AdminFileTest.cpp">
      <Filter>Source Files</Filter>
    </ClCompile>
    <ClCompile Include="Util.cpp">
      <Filter>Source Files</Filter>
    </ClCompile>
    <ClCompile Include="app_coordinator.cpp">
      <Filter>Source Files</Filter>
    </ClCompile>
    <ClCompile Include="ValidatorFestival.cpp">
      <Filter>Source Files</Filter>
    </ClCompile>
    <ClCompile Include="ValidatorArtist.cpp">
      <Filter>Source Files</Filter>
    </ClCompile>
    <ClCompile Include="ValidatorMovie.cpp">
      <Filter>Source Files</Filter>
    </ClCompile>
  </ItemGroup>
  <ItemGroup>
    <Text Include="admins.txt" />
    <Text Include="admService.txt" />
    <Text Include="elements.txt" />
    <Text Include="srv.txt" />
    <Text Include="TestAdminsIn.txt" />
    <Text Include="TestAdminsOut.txt" />
    <Text Include="TestElementsIn.txt" />
    <Text Include="TestElementsOut.txt" />
  </ItemGroup>
</Project>